
Microsoft Visual Studio Solution File, Format Version 12.00
# Visual Studio Version 17
VisualStudioVersion = 17.14.36221.1
MinimumVisualStudioVersion = 10.0.40219.1
Project("{FAE04EC0-301F-11D3-BF4B-00C04F79EFBC}") = "Bai-1", "2180607419-LeQuangDat-BaiThucHanhTuan3\Bai-1.csproj", "{109D1CBD-1FE3-44F6-9CA5-E81F1AC7F94B}"
EndProject
Project("{FAE04EC0-301F-11D3-BF4B-00C04F79EFBC}") = "Bai-2", "Bai-2\Bai-2.csproj", "{2454B2D0-4DE9-4ECA-9647-D7100E9CACE5}"
EndProject
Global
	GlobalSection(SolutionConfigurationPlatforms) = preSolution
		Debug|Any CPU = Debug|Any CPU
		Release|Any CPU = Release|Any CPU
	EndGlobalSection
	GlobalSection(ProjectConfigurationPlatforms) = postSolution
		{109D1CBD-1FE3-44F6-9CA5-E81F1AC7F94B}.Debug|Any CPU.ActiveCfg = Debug|Any CPU
		{109D1CBD-1FE3-44F6-9CA5-E81F1AC7F94B}.Debug|Any CPU.Build.0 = Debug|Any CPU
		{109D1CBD-1FE3-44F6-9CA5-E81F1AC7F94B}.Release|Any CPU.ActiveCfg = Release|Any CPU
		{109D1CBD-1FE3-44F6-9CA5-E81F1AC7F94B}.Release|Any CPU.Build.0 = Release|Any CPU
		{2454B2D0-4DE9-4ECA-9647-D7100E9CACE5}.Debug|Any CPU.ActiveCfg = Debug|Any CPU
		{2454B2D0-4DE9-4ECA-9647-D7100E9CACE5}.Debug|Any CPU.Build.0 = Debug|Any CPU
		{2454B2D0-4DE9-4ECA-9647-D7100E9CACE5}.Release|Any CPU.ActiveCfg = Release|Any CPU
		{2454B2D0-4DE9-4ECA-9647-D7100E9CACE5}.Release|Any CPU.Build.0 = Release|Any CPU
	EndGlobalSection
	GlobalSection(SolutionProperties) = preSolution
		HideSolutionNode = FALSE
	EndGlobalSection
	GlobalSection(ExtensibilityGlobals) = postSolution
		SolutionGuid = {FE495877-ABEE-4079-B912-A842ED898003}
	EndGlobalSection
EndGlobal
