
Microsoft Visual Studio Solution File, Format Version 12.00
# Visual Studio Version 17
VisualStudioVersion = 17.13.35828.75 d17.13
MinimumVisualStudioVersion = 10.0.40219.1
Project("{FAE04EC0-301F-11D3-BF4B-00C04F79EFBC}") = "Tuan3_Bai2", "Tuan3_Bai2.csproj", "{15884EE1-2A70-486D-8AF5-D570BD4573BF}"
EndProject
Global
	GlobalSection(SolutionConfigurationPlatforms) = preSolution
		Debug|Any CPU = Debug|Any CPU
		Release|Any CPU = Release|Any CPU
	EndGlobalSection
	GlobalSection(ProjectConfigurationPlatforms) = postSolution
		{15884EE1-2A70-486D-8AF5-D570BD4573BF}.Debug|Any CPU.ActiveCfg = Debug|Any CPU
		{15884EE1-2A70-486D-8AF5-D570BD4573BF}.Debug|Any CPU.Build.0 = Debug|Any CPU
		{15884EE1-2A70-486D-8AF5-D570BD4573BF}.Release|Any CPU.ActiveCfg = Release|Any CPU
		{15884EE1-2A70-486D-8AF5-D570BD4573BF}.Release|Any CPU.Build.0 = Release|Any CPU
	EndGlobalSection
	GlobalSection(SolutionProperties) = preSolution
		HideSolutionNode = FALSE
	EndGlobalSection
	GlobalSection(ExtensibilityGlobals) = postSolution
		SolutionGuid = {2BB3EF32-4D4E-4F20-A777-67142A10D554}
	EndGlobalSection
EndGlobal
