
Microsoft Visual Studio Solution File, Format Version 12.00
# Visual Studio Version 17
VisualStudioVersion = 17.13.35931.197
MinimumVisualStudioVersion = 10.0.40219.1
Project("{FAE04EC0-301F-11D3-BF4B-00C04F79EFBC}") = "1911064890_HaNguyenGiaMinh", "1911064890_HaNguyenGiaMinh.csproj", "{91C086D8-393F-4D15-B546-911139F57DD1}"
EndProject
Project("{FAE04EC0-301F-11D3-BF4B-00C04F79EFBC}") = "BT_Tuan4", "..\BT_Tuan4\BT_Tuan4.csproj", "{EAF4E7C6-A75B-4293-935D-511501817DCB}"
EndProject
Global
	GlobalSection(SolutionConfigurationPlatforms) = preSolution
		Debug|Any CPU = Debug|Any CPU
		Release|Any CPU = Release|Any CPU
	EndGlobalSection
	GlobalSection(ProjectConfigurationPlatforms) = postSolution
		{91C086D8-393F-4D15-B546-911139F57DD1}.Debug|Any CPU.ActiveCfg = Debug|Any CPU
		{91C086D8-393F-4D15-B546-911139F57DD1}.Debug|Any CPU.Build.0 = Debug|Any CPU
		{91C086D8-393F-4D15-B546-911139F57DD1}.Release|Any CPU.ActiveCfg = Release|Any CPU
		{91C086D8-393F-4D15-B546-911139F57DD1}.Release|Any CPU.Build.0 = Release|Any CPU
		{EAF4E7C6-A75B-4293-935D-511501817DCB}.Debug|Any CPU.ActiveCfg = Debug|Any CPU
		{EAF4E7C6-A75B-4293-935D-511501817DCB}.Debug|Any CPU.Build.0 = Debug|Any CPU
		{EAF4E7C6-A75B-4293-935D-511501817DCB}.Release|Any CPU.ActiveCfg = Release|Any CPU
		{EAF4E7C6-A75B-4293-935D-511501817DCB}.Release|Any CPU.Build.0 = Release|Any CPU
	EndGlobalSection
	GlobalSection(SolutionProperties) = preSolution
		HideSolutionNode = FALSE
	EndGlobalSection
	GlobalSection(ExtensibilityGlobals) = postSolution
		SolutionGuid = {3453824A-7CCE-4477-92F2-C13B64E1BA7E}
	EndGlobalSection
EndGlobal
