
Microsoft Visual Studio Solution File, Format Version 12.00
# Visual Studio Version 17
VisualStudioVersion = 17.14.36310.24 d17.14
MinimumVisualStudioVersion = 10.0.40219.1
Project("{FAE04EC0-301F-11D3-BF4B-00C04F79EFBC}") = "2180603383_BuiDucHieu", "2180603383_BuiDucHieu.csproj", "{2621B0BE-2BB7-4154-9DEC-A24DF9375FBC}"
EndProject
Global
	GlobalSection(SolutionConfigurationPlatforms) = preSolution
		Debug|Any CPU = Debug|Any CPU
		Release|Any CPU = Release|Any CPU
	EndGlobalSection
	GlobalSection(ProjectConfigurationPlatforms) = postSolution
		{2621B0BE-2BB7-4154-9DEC-A24DF9375FBC}.Debug|Any CPU.ActiveCfg = Debug|Any CPU
		{2621B0BE-2BB7-4154-9DEC-A24DF9375FBC}.Debug|Any CPU.Build.0 = Debug|Any CPU
		{2621B0BE-2BB7-4154-9DEC-A24DF9375FBC}.Release|Any CPU.ActiveCfg = Release|Any CPU
		{2621B0BE-2BB7-4154-9DEC-A24DF9375FBC}.Release|Any CPU.Build.0 = Release|Any CPU
	EndGlobalSection
	GlobalSection(SolutionProperties) = preSolution
		HideSolutionNode = FALSE
	EndGlobalSection
	GlobalSection(ExtensibilityGlobals) = postSolution
		SolutionGuid = {6D795B68-0632-4AF0-A527-39D9E32BE657}
	EndGlobalSection
EndGlobal
