
Microsoft Visual Studio Solution File, Format Version 12.00
# Visual Studio Version 17
VisualStudioVersion = 17.13.35828.75 d17.13
MinimumVisualStudioVersion = 10.0.40219.1
Project("{FAE04EC0-301F-11D3-BF4B-00C04F79EFBC}") = "2180603383_BuiDucHieu_Tuan3", "2180603383_BuiDucHieu_Tuan3.csproj", "{1961239F-85E0-49A9-8B3B-660AFB9CAB17}"
EndProject
Global
	GlobalSection(SolutionConfigurationPlatforms) = preSolution
		Debug|Any CPU = Debug|Any CPU
		Release|Any CPU = Release|Any CPU
	EndGlobalSection
	GlobalSection(ProjectConfigurationPlatforms) = postSolution
		{1961239F-85E0-49A9-8B3B-660AFB9CAB17}.Debug|Any CPU.ActiveCfg = Debug|Any CPU
		{1961239F-85E0-49A9-8B3B-660AFB9CAB17}.Debug|Any CPU.Build.0 = Debug|Any CPU
		{1961239F-85E0-49A9-8B3B-660AFB9CAB17}.Release|Any CPU.ActiveCfg = Release|Any CPU
		{1961239F-85E0-49A9-8B3B-660AFB9CAB17}.Release|Any CPU.Build.0 = Release|Any CPU
	EndGlobalSection
	GlobalSection(SolutionProperties) = preSolution
		HideSolutionNode = FALSE
	EndGlobalSection
	GlobalSection(ExtensibilityGlobals) = postSolution
		SolutionGuid = {458B40C6-9FE6-43FC-8A66-743168F4F7D5}
	EndGlobalSection
EndGlobal
